# This file is automatically @generated by Cargo.
# It is not intended for manual editing.
version = 4

[[package]]
name = "dccms_atlas"
version = "0.7.0-dev"
dependencies = [
 "dresden_codex",
 "prime_hunt",
]

[[package]]
name = "dresden_codex"
version = "0.1.0"

[[package]]
name = "prime_hunt"
version = "0.1.0"
